# THIS IS AN AUTOGENERATED FILE. DO NOT EDIT THIS FILE DIRECTLY.
# yarn lockfile v1


fp-ts@^2.10.5:
  version "2.10.5"
  resolved "https://registry.yarnpkg.com/fp-ts/-/fp-ts-2.10.5.tgz#7c77868fe8bd9b229743303c1bec505b959f631b"
  integrity sha512-X2KfTIV0cxIk3d7/2Pvp/pxL/xr2MV1WooyEzKtTWYSc1+52VF4YzjBTXqeOlSiZsPCxIBpDGfT9Dyo7WEY0DQ==

monocle-ts@^2.3.9:
  version "2.3.9"
  resolved "https://registry.yarnpkg.com/monocle-ts/-/monocle-ts-2.3.9.tgz#037d8a14f72dfd5ce6928c8730de1f0e504da94d"
  integrity sha512-X5ppMOPAQV/BeENhPpEI0hJelXMoNVtHlTVk89ugZL7ZvK6JtBDFW/762aq1MOzCCaBAFlxGz1Wmxa0DW7tshQ==

prettier@^2.2.1:
  version "2.2.1"
  resolved "https://registry.yarnpkg.com/prettier/-/prettier-2.2.1.tgz#795a1a78dd52f073da0cd42b21f9c91381923ff5"
  integrity sha512-PqyhM2yCjg/oKkFPtTGUojv7gnZAoG80ttl45O6x2Ug/rMJw4wcc9k6aaf2hibP7BGVCCM33gZoGjyvt9mm16Q==

typescript@^4.2.4:
  version "4.2.4"
  resolved "https://registry.yarnpkg.com/typescript/-/typescript-4.2.4.tgz#8610b59747de028fda898a8aef0e103f156d0961"
  integrity sha512-V+evlYHZnQkaz8TRBuxTA92yZBPotr5H+WhQ7bD3hZUndx5tGOa1fuCgeSjxAzM1RiN5IzvadIXTVefuuwZCRg==
